
Microsoft Visual Studio Solution File, Format Version 12.00
# Visual Studio Version 17
VisualStudioVersion = 17.1.32319.34
MinimumVisualStudioVersion = 10.0.40219.1
Project("{9A19103F-16F7-4668-BE54-9A1E7A4F7556}") = "WrbCore3", "WrbCore3.csproj", "{52E8A649-1E8B-42A5-A47A-CE9BC2D0AAB7}"
EndProject
Global
	GlobalSection(SolutionConfigurationPlatforms) = preSolution
		Debug|Any CPU = Debug|Any CPU
		Release|Any CPU = Release|Any CPU
	EndGlobalSection
	GlobalSection(ProjectConfigurationPlatforms) = postSolution
		{52E8A649-1E8B-42A5-A47A-CE9BC2D0AAB7}.Debug|Any CPU.ActiveCfg = Debug|Any CPU
		{52E8A649-1E8B-42A5-A47A-CE9BC2D0AAB7}.Debug|Any CPU.Build.0 = Debug|Any CPU
		{52E8A649-1E8B-42A5-A47A-CE9BC2D0AAB7}.Release|Any CPU.ActiveCfg = Release|Any CPU
		{52E8A649-1E8B-42A5-A47A-CE9BC2D0AAB7}.Release|Any CPU.Build.0 = Release|Any CPU
	EndGlobalSection
	GlobalSection(SolutionProperties) = preSolution
		HideSolutionNode = FALSE
	EndGlobalSection
	GlobalSection(ExtensibilityGlobals) = postSolution
		SolutionGuid = {60765028-5FFA-4620-B507-1152735C89DD}
	EndGlobalSection
EndGlobal
